// !$*UTF8*$!
{
	archiveVersion = 1;
	classes = {
	};
	objectVersion = 46;
	objects = {

/* Begin PBXBuildFile section */
		7AF76077AC11B7C62F997DC7 /* Pods_Swipesion.framework in Frameworks */ = {isa = PBXBuildFile; fileRef = 45697F4EED53DA362E1B63E3 /* Pods_Swipesion.framework */; };
		C79976091F25E2830030EEA5 /* UserProfile.swift in Sources */ = {isa = PBXBuildFile; fileRef = C79976081F25E2830030EEA5 /* UserProfile.swift */; };
		C7E88F7C1F1488D600CA4478 /* AppDelegate.swift in Sources */ = {isa = PBXBuildFile; fileRef = C7E88F7B1F1488D600CA4478 /* AppDelegate.swift */; };
		C7E88F811F1488D600CA4478 /* Main.storyboard in Resources */ = {isa = PBXBuildFile; fileRef = C7E88F7F1F1488D600CA4478 /* Main.storyboard */; };
		C7E88F831F1488D600CA4478 /* Assets.xcassets in Resources */ = {isa = PBXBuildFile; fileRef = C7E88F821F1488D600CA4478 /* Assets.xcassets */; };
		C7E88F861F1488D600CA4478 /* LaunchScreen.storyboard in Resources */ = {isa = PBXBuildFile; fileRef = C7E88F841F1488D600CA4478 /* LaunchScreen.storyboard */; };
		C7E88F8E1F148C7600CA4478 /* GoogleService-Info.plist in Resources */ = {isa = PBXBuildFile; fileRef = C7E88F8D1F148C7600CA4478 /* GoogleService-Info.plist */; };
		C7E88F901F148CAB00CA4478 /* LoginVC.swift in Sources */ = {isa = PBXBuildFile; fileRef = C7E88F8F1F148CAB00CA4478 /* LoginVC.swift */; };
		C7E88F961F148D5E00CA4478 /* RegisterVC.swift in Sources */ = {isa = PBXBuildFile; fileRef = C7E88F951F148D5E00CA4478 /* RegisterVC.swift */; };
		C7E88F981F148D8100CA4478 /* MainVC.swift in Sources */ = {isa = PBXBuildFile; fileRef = C7E88F971F148D8100CA4478 /* MainVC.swift */; };
		C7E88F9A1F148D8B00CA4478 /* Auth.storyboard in Resources */ = {isa = PBXBuildFile; fileRef = C7E88F991F148D8B00CA4478 /* Auth.storyboard */; };
		C7E88F9C1F14ABD400CA4478 /* CircleView.swift in Sources */ = {isa = PBXBuildFile; fileRef = C7E88F9B1F14ABD400CA4478 /* CircleView.swift */; };
		C7E88FA01F14D71400CA4478 /* UserVC.swift in Sources */ = {isa = PBXBuildFile; fileRef = C7E88F9F1F14D71400CA4478 /* UserVC.swift */; };
		C7E88FA41F14D73000CA4478 /* SelectedCategoryVC.swift in Sources */ = {isa = PBXBuildFile; fileRef = C7E88FA31F14D73000CA4478 /* SelectedCategoryVC.swift */; };
		C7E88FA61F14D73A00CA4478 /* SavedNewsVC.swift in Sources */ = {isa = PBXBuildFile; fileRef = C7E88FA51F14D73A00CA4478 /* SavedNewsVC.swift */; };
		C7E88FAB1F174B1B00CA4478 /* CustomKolodaView.swift in Sources */ = {isa = PBXBuildFile; fileRef = C7E88FA71F174B1B00CA4478 /* CustomKolodaView.swift */; };
		C7E88FAC1F174B1B00CA4478 /* CustomOverlayView.swift in Sources */ = {isa = PBXBuildFile; fileRef = C7E88FA81F174B1B00CA4478 /* CustomOverlayView.swift */; };
		C7E88FAD1F174B1B00CA4478 /* CustomImageView.swift in Sources */ = {isa = PBXBuildFile; fileRef = C7E88FA91F174B1B00CA4478 /* CustomImageView.swift */; };
		C7E88FAE1F174B1B00CA4478 /* BackgroundKolodaAnimator.swift in Sources */ = {isa = PBXBuildFile; fileRef = C7E88FAA1F174B1B00CA4478 /* BackgroundKolodaAnimator.swift */; };
		C7E88FB11F174B2C00CA4478 /* CustomOverlayView.xib in Resources */ = {isa = PBXBuildFile; fileRef = C7E88FAF1F174B2C00CA4478 /* CustomOverlayView.xib */; };
		C7E88FB21F174B2C00CA4478 /* CustomView.xib in Resources */ = {isa = PBXBuildFile; fileRef = C7E88FB01F174B2C00CA4478 /* CustomView.xib */; };
		C7E88FBA1F174D1A00CA4478 /* News.swift in Sources */ = {isa = PBXBuildFile; fileRef = C7E88FB91F174D1A00CA4478 /* News.swift */; };
		C7E88FBC1F174F6100CA4478 /* SelectedNewsVC.swift in Sources */ = {isa = PBXBuildFile; fileRef = C7E88FBB1F174F6100CA4478 /* SelectedNewsVC.swift */; };
		C7E88FC01F17C20800CA4478 /* SavedNewsCell.swift in Sources */ = {isa = PBXBuildFile; fileRef = C7E88FBF1F17C20800CA4478 /* SavedNewsCell.swift */; };
		E5BE607C1F176C2E00F44858 /* SWRevealViewController.m in Sources */ = {isa = PBXBuildFile; fileRef = E5BE607B1F176C2E00F44858 /* SWRevealViewController.m */; };
		E5BE607E1F17BD2C00F44858 /* SettingsVC.swift in Sources */ = {isa = PBXBuildFile; fileRef = E5BE607D1F17BD2C00F44858 /* SettingsVC.swift */; };
		E5BE60801F17BD8700F44858 /* SlideMenuVC.swift in Sources */ = {isa = PBXBuildFile; fileRef = E5BE607F1F17BD8700F44858 /* SlideMenuVC.swift */; };
/* End PBXBuildFile section */

/* Begin PBXFileReference section */
		45697F4EED53DA362E1B63E3 /* Pods_Swipesion.framework */ = {isa = PBXFileReference; explicitFileType = wrapper.framework; includeInIndex = 0; path = Pods_Swipesion.framework; sourceTree = BUILT_PRODUCTS_DIR; };
		50C5346AE312BCFAB2A9C868 /* Pods-Swipesion.debug.xcconfig */ = {isa = PBXFileReference; includeInIndex = 1; lastKnownFileType = text.xcconfig; name = "Pods-Swipesion.debug.xcconfig"; path = "Pods/Target Support Files/Pods-Swipesion/Pods-Swipesion.debug.xcconfig"; sourceTree = "<group>"; };
		66752F10B7A357F323489C4F /* Pods-Swipesion.release.xcconfig */ = {isa = PBXFileReference; includeInIndex = 1; lastKnownFileType = text.xcconfig; name = "Pods-Swipesion.release.xcconfig"; path = "Pods/Target Support Files/Pods-Swipesion/Pods-Swipesion.release.xcconfig"; sourceTree = "<group>"; };
		C79976081F25E2830030EEA5 /* UserProfile.swift */ = {isa = PBXFileReference; fileEncoding = 4; lastKnownFileType = sourcecode.swift; path = UserProfile.swift; sourceTree = "<group>"; };
		C7E88F781F1488D600CA4478 /* Swipesion.app */ = {isa = PBXFileReference; explicitFileType = wrapper.application; includeInIndex = 0; path = Swipesion.app; sourceTree = BUILT_PRODUCTS_DIR; };
		C7E88F7B1F1488D600CA4478 /* AppDelegate.swift */ = {isa = PBXFileReference; lastKnownFileType = sourcecode.swift; path = AppDelegate.swift; sourceTree = "<group>"; };
		C7E88F801F1488D600CA4478 /* Base */ = {isa = PBXFileReference; lastKnownFileType = file.storyboard; name = Base; path = Base.lproj/Main.storyboard; sourceTree = "<group>"; };
		C7E88F821F1488D600CA4478 /* Assets.xcassets */ = {isa = PBXFileReference; lastKnownFileType = folder.assetcatalog; path = Assets.xcassets; sourceTree = "<group>"; };
		C7E88F851F1488D600CA4478 /* Base */ = {isa = PBXFileReference; lastKnownFileType = file.storyboard; name = Base; path = Base.lproj/LaunchScreen.storyboard; sourceTree = "<group>"; };
		C7E88F871F1488D600CA4478 /* Info.plist */ = {isa = PBXFileReference; lastKnownFileType = text.plist.xml; path = Info.plist; sourceTree = "<group>"; };
		C7E88F8D1F148C7600CA4478 /* GoogleService-Info.plist */ = {isa = PBXFileReference; fileEncoding = 4; lastKnownFileType = text.plist.xml; path = "GoogleService-Info.plist"; sourceTree = "<group>"; };
		C7E88F8F1F148CAB00CA4478 /* LoginVC.swift */ = {isa = PBXFileReference; fileEncoding = 4; lastKnownFileType = sourcecode.swift; path = LoginVC.swift; sourceTree = "<group>"; };
		C7E88F951F148D5E00CA4478 /* RegisterVC.swift */ = {isa = PBXFileReference; fileEncoding = 4; lastKnownFileType = sourcecode.swift; path = RegisterVC.swift; sourceTree = "<group>"; };
		C7E88F971F148D8100CA4478 /* MainVC.swift */ = {isa = PBXFileReference; fileEncoding = 4; lastKnownFileType = sourcecode.swift; path = MainVC.swift; sourceTree = "<group>"; };
		C7E88F991F148D8B00CA4478 /* Auth.storyboard */ = {isa = PBXFileReference; fileEncoding = 4; lastKnownFileType = file.storyboard; path = Auth.storyboard; sourceTree = "<group>"; };
		C7E88F9B1F14ABD400CA4478 /* CircleView.swift */ = {isa = PBXFileReference; fileEncoding = 4; lastKnownFileType = sourcecode.swift; path = CircleView.swift; sourceTree = "<group>"; };
		C7E88F9F1F14D71400CA4478 /* UserVC.swift */ = {isa = PBXFileReference; fileEncoding = 4; lastKnownFileType = sourcecode.swift; path = UserVC.swift; sourceTree = "<group>"; };
		C7E88FA31F14D73000CA4478 /* SelectedCategoryVC.swift */ = {isa = PBXFileReference; fileEncoding = 4; lastKnownFileType = sourcecode.swift; path = SelectedCategoryVC.swift; sourceTree = "<group>"; };
		C7E88FA51F14D73A00CA4478 /* SavedNewsVC.swift */ = {isa = PBXFileReference; fileEncoding = 4; lastKnownFileType = sourcecode.swift; path = SavedNewsVC.swift; sourceTree = "<group>"; };
		C7E88FA71F174B1B00CA4478 /* CustomKolodaView.swift */ = {isa = PBXFileReference; fileEncoding = 4; lastKnownFileType = sourcecode.swift; path = CustomKolodaView.swift; sourceTree = "<group>"; };
		C7E88FA81F174B1B00CA4478 /* CustomOverlayView.swift */ = {isa = PBXFileReference; fileEncoding = 4; lastKnownFileType = sourcecode.swift; path = CustomOverlayView.swift; sourceTree = "<group>"; };
		C7E88FA91F174B1B00CA4478 /* CustomImageView.swift */ = {isa = PBXFileReference; fileEncoding = 4; lastKnownFileType = sourcecode.swift; path = CustomImageView.swift; sourceTree = "<group>"; };
		C7E88FAA1F174B1B00CA4478 /* BackgroundKolodaAnimator.swift */ = {isa = PBXFileReference; fileEncoding = 4; lastKnownFileType = sourcecode.swift; path = BackgroundKolodaAnimator.swift; sourceTree = "<group>"; };
		C7E88FAF1F174B2C00CA4478 /* CustomOverlayView.xib */ = {isa = PBXFileReference; fileEncoding = 4; lastKnownFileType = file.xib; path = CustomOverlayView.xib; sourceTree = "<group>"; };
		C7E88FB01F174B2C00CA4478 /* CustomView.xib */ = {isa = PBXFileReference; fileEncoding = 4; lastKnownFileType = file.xib; path = CustomView.xib; sourceTree = "<group>"; };
		C7E88FB91F174D1A00CA4478 /* News.swift */ = {isa = PBXFileReference; fileEncoding = 4; lastKnownFileType = sourcecode.swift; path = News.swift; sourceTree = "<group>"; };
		C7E88FBB1F174F6100CA4478 /* SelectedNewsVC.swift */ = {isa = PBXFileReference; fileEncoding = 4; lastKnownFileType = sourcecode.swift; path = SelectedNewsVC.swift; sourceTree = "<group>"; };
		C7E88FBF1F17C20800CA4478 /* SavedNewsCell.swift */ = {isa = PBXFileReference; fileEncoding = 4; lastKnownFileType = sourcecode.swift; path = SavedNewsCell.swift; sourceTree = "<group>"; };
		E5BE60791F176C2C00F44858 /* Swipesion-Bridging-Header.h */ = {isa = PBXFileReference; lastKnownFileType = sourcecode.c.h; path = "Swipesion-Bridging-Header.h"; sourceTree = "<group>"; };
		E5BE607A1F176C2E00F44858 /* SWRevealViewController.h */ = {isa = PBXFileReference; fileEncoding = 4; lastKnownFileType = sourcecode.c.h; path = SWRevealViewController.h; sourceTree = "<group>"; };
		E5BE607B1F176C2E00F44858 /* SWRevealViewController.m */ = {isa = PBXFileReference; fileEncoding = 4; lastKnownFileType = sourcecode.c.objc; path = SWRevealViewController.m; sourceTree = "<group>"; };
		E5BE607D1F17BD2C00F44858 /* SettingsVC.swift */ = {isa = PBXFileReference; fileEncoding = 4; lastKnownFileType = sourcecode.swift; path = SettingsVC.swift; sourceTree = "<group>"; };
		E5BE607F1F17BD8700F44858 /* SlideMenuVC.swift */ = {isa = PBXFileReference; fileEncoding = 4; lastKnownFileType = sourcecode.swift; path = SlideMenuVC.swift; sourceTree = "<group>"; };
/* End PBXFileReference section */

/* Begin PBXFrameworksBuildPhase section */
		C7E88F751F1488D600CA4478 /* Frameworks */ = {
			isa = PBXFrameworksBuildPhase;
			buildActionMask = 2147483647;
			files = (
				7AF76077AC11B7C62F997DC7 /* Pods_Swipesion.framework in Frameworks */,
			);
			runOnlyForDeploymentPostprocessing = 0;
		};
/* End PBXFrameworksBuildPhase section */

/* Begin PBXGroup section */
		C7E88F6F1F1488D600CA4478 = {
			isa = PBXGroup;
			children = (
				C7E88F7A1F1488D600CA4478 /* Swipesion */,
				C7E88F791F1488D600CA4478 /* Products */,
				DF742955935E8E4A1A7B47B6 /* Pods */,
				D2BCFBD75C6B8523172B2A3B /* Frameworks */,
			);
			sourceTree = "<group>";
		};
		C7E88F791F1488D600CA4478 /* Products */ = {
			isa = PBXGroup;
			children = (
				C7E88F781F1488D600CA4478 /* Swipesion.app */,
			);
			name = Products;
			sourceTree = "<group>";
		};
		C7E88F7A1F1488D600CA4478 /* Swipesion */ = {
			isa = PBXGroup;
			children = (
				C7E88F7B1F1488D600CA4478 /* AppDelegate.swift */,
				C7E88F8D1F148C7600CA4478 /* GoogleService-Info.plist */,
				C7E88F941F148CFA00CA4478 /* Storyboard */,
				C7E88F931F148CEC00CA4478 /* Controller */,
				C7E88F921F148CE400CA4478 /* View */,
				C7E88F911F148CDC00CA4478 /* Model */,
				C7E88F821F1488D600CA4478 /* Assets.xcassets */,
				C7E88F871F1488D600CA4478 /* Info.plist */,
			);
			path = Swipesion;
			sourceTree = "<group>";
		};
		C7E88F911F148CDC00CA4478 /* Model */ = {
			isa = PBXGroup;
			children = (
				C7E88FB91F174D1A00CA4478 /* News.swift */,
				C7E88F9B1F14ABD400CA4478 /* CircleView.swift */,
				E5BE607A1F176C2E00F44858 /* SWRevealViewController.h */,
				E5BE607B1F176C2E00F44858 /* SWRevealViewController.m */,
				E5BE60791F176C2C00F44858 /* Swipesion-Bridging-Header.h */,
				C79976081F25E2830030EEA5 /* UserProfile.swift */,
			);
			name = Model;
			sourceTree = "<group>";
		};
		C7E88F921F148CE400CA4478 /* View */ = {
			isa = PBXGroup;
			children = (
				C7E88FAF1F174B2C00CA4478 /* CustomOverlayView.xib */,
				C7E88FB01F174B2C00CA4478 /* CustomView.xib */,
				C7E88FA71F174B1B00CA4478 /* CustomKolodaView.swift */,
				C7E88FA81F174B1B00CA4478 /* CustomOverlayView.swift */,
				C7E88FA91F174B1B00CA4478 /* CustomImageView.swift */,
				C7E88FAA1F174B1B00CA4478 /* BackgroundKolodaAnimator.swift */,
				C7E88FBF1F17C20800CA4478 /* SavedNewsCell.swift */,
			);
			name = View;
			sourceTree = "<group>";
		};
		C7E88F931F148CEC00CA4478 /* Controller */ = {
			isa = PBXGroup;
			children = (
				C7E88F8F1F148CAB00CA4478 /* LoginVC.swift */,
				C7E88F951F148D5E00CA4478 /* RegisterVC.swift */,
				C7E88F971F148D8100CA4478 /* MainVC.swift */,
				C7E88F9F1F14D71400CA4478 /* UserVC.swift */,
				E5BE607D1F17BD2C00F44858 /* SettingsVC.swift */,
				E5BE607F1F17BD8700F44858 /* SlideMenuVC.swift */,
				C7E88FA31F14D73000CA4478 /* SelectedCategoryVC.swift */,
				C7E88FA51F14D73A00CA4478 /* SavedNewsVC.swift */,
				C7E88FBB1F174F6100CA4478 /* SelectedNewsVC.swift */,
			);
			name = Controller;
			sourceTree = "<group>";
		};
		C7E88F941F148CFA00CA4478 /* Storyboard */ = {
			isa = PBXGroup;
			children = (
				C7E88F991F148D8B00CA4478 /* Auth.storyboard */,
				C7E88F7F1F1488D600CA4478 /* Main.storyboard */,
				C7E88F841F1488D600CA4478 /* LaunchScreen.storyboard */,
			);
			name = Storyboard;
			sourceTree = "<group>";
		};
		D2BCFBD75C6B8523172B2A3B /* Frameworks */ = {
			isa = PBXGroup;
			children = (
				45697F4EED53DA362E1B63E3 /* Pods_Swipesion.framework */,
			);
			name = Frameworks;
			sourceTree = "<group>";
		};
		DF742955935E8E4A1A7B47B6 /* Pods */ = {
			isa = PBXGroup;
			children = (
				50C5346AE312BCFAB2A9C868 /* Pods-Swipesion.debug.xcconfig */,
				66752F10B7A357F323489C4F /* Pods-Swipesion.release.xcconfig */,
			);
			name = Pods;
			sourceTree = "<group>";
		};
/* End PBXGroup section */

/* Begin PBXNativeTarget section */
		C7E88F771F1488D600CA4478 /* Swipesion */ = {
			isa = PBXNativeTarget;
			buildConfigurationList = C7E88F8A1F1488D600CA4478 /* Build configuration list for PBXNativeTarget "Swipesion" */;
			buildPhases = (
				C4F10F13408D530788C678CA /* [CP] Check Pods Manifest.lock */,
				C7E88F741F1488D600CA4478 /* Sources */,
				C7E88F751F1488D600CA4478 /* Frameworks */,
				C7E88F761F1488D600CA4478 /* Resources */,
				637A1AE4968B587E9CD1B0B3 /* [CP] Embed Pods Frameworks */,
				5702E8D0CD41EA01F786AF16 /* [CP] Copy Pods Resources */,
			);
			buildRules = (
			);
			dependencies = (
			);
			name = Swipesion;
			productName = Swipesion;
			productReference = C7E88F781F1488D600CA4478 /* Swipesion.app */;
			productType = "com.apple.product-type.application";
		};
/* End PBXNativeTarget section */

/* Begin PBXProject section */
		C7E88F701F1488D600CA4478 /* Project object */ = {
			isa = PBXProject;
			attributes = {
				LastSwiftUpdateCheck = 0830;
				LastUpgradeCheck = 0830;
				ORGANIZATIONNAME = "Andrew Lim";
				TargetAttributes = {
					C7E88F771F1488D600CA4478 = {
						CreatedOnToolsVersion = 8.3.2;
						DevelopmentTeam = DQCNUZZSN6;
						LastSwiftMigration = 0830;
						ProvisioningStyle = Automatic;
					};
				};
			};
			buildConfigurationList = C7E88F731F1488D600CA4478 /* Build configuration list for PBXProject "Swipesion" */;
			compatibilityVersion = "Xcode 3.2";
			developmentRegion = English;
			hasScannedForEncodings = 0;
			knownRegions = (
				en,
				Base,
			);
			mainGroup = C7E88F6F1F1488D600CA4478;
			productRefGroup = C7E88F791F1488D600CA4478 /* Products */;
			projectDirPath = "";
			projectRoot = "";
			targets = (
				C7E88F771F1488D600CA4478 /* Swipesion */,
			);
		};
/* End PBXProject section */

/* Begin PBXResourcesBuildPhase section */
		C7E88F761F1488D600CA4478 /* Resources */ = {
			isa = PBXResourcesBuildPhase;
			buildActionMask = 2147483647;
			files = (
				C7E88F861F1488D600CA4478 /* LaunchScreen.storyboard in Resources */,
				C7E88F8E1F148C7600CA4478 /* GoogleService-Info.plist in Resources */,
				C7E88FB11F174B2C00CA4478 /* CustomOverlayView.xib in Resources */,
				C7E88F9A1F148D8B00CA4478 /* Auth.storyboard in Resources */,
				C7E88F831F1488D600CA4478 /* Assets.xcassets in Resources */,
				C7E88F811F1488D600CA4478 /* Main.storyboard in Resources */,
				C7E88FB21F174B2C00CA4478 /* CustomView.xib in Resources */,
			);
			runOnlyForDeploymentPostprocessing = 0;
		};
/* End PBXResourcesBuildPhase section */

/* Begin PBXShellScriptBuildPhase section */
		5702E8D0CD41EA01F786AF16 /* [CP] Copy Pods Resources */ = {
			isa = PBXShellScriptBuildPhase;
			buildActionMask = 2147483647;
			files = (
			);
			inputPaths = (
			);
			name = "[CP] Copy Pods Resources";
			outputPaths = (
			);
			runOnlyForDeploymentPostprocessing = 0;
			shellPath = /bin/sh;
			shellScript = "\"${SRCROOT}/Pods/Target Support Files/Pods-Swipesion/Pods-Swipesion-resources.sh\"\n";
			showEnvVarsInLog = 0;
		};
		637A1AE4968B587E9CD1B0B3 /* [CP] Embed Pods Frameworks */ = {
			isa = PBXShellScriptBuildPhase;
			buildActionMask = 2147483647;
			files = (
			);
			inputPaths = (
			);
			name = "[CP] Embed Pods Frameworks";
			outputPaths = (
			);
			runOnlyForDeploymentPostprocessing = 0;
			shellPath = /bin/sh;
			shellScript = "\"${SRCROOT}/Pods/Target Support Files/Pods-Swipesion/Pods-Swipesion-frameworks.sh\"\n";
			showEnvVarsInLog = 0;
		};
		C4F10F13408D530788C678CA /* [CP] Check Pods Manifest.lock */ = {
			isa = PBXShellScriptBuildPhase;
			buildActionMask = 2147483647;
			files = (
			);
			inputPaths = (
			);
			name = "[CP] Check Pods Manifest.lock";
			outputPaths = (
			);
			runOnlyForDeploymentPostprocessing = 0;
			shellPath = /bin/sh;
			shellScript = "diff \"${PODS_PODFILE_DIR_PATH}/Podfile.lock\" \"${PODS_ROOT}/Manifest.lock\" > /dev/null\nif [ $? != 0 ] ; then\n    # print error to STDERR\n    echo \"error: The sandbox is not in sync with the Podfile.lock. Run 'pod install' or update your CocoaPods installation.\" >&2\n    exit 1\nfi\n";
			showEnvVarsInLog = 0;
		};
/* End PBXShellScriptBuildPhase section */

/* Begin PBXSourcesBuildPhase section */
		C7E88F741F1488D600CA4478 /* Sources */ = {
			isa = PBXSourcesBuildPhase;
			buildActionMask = 2147483647;
			files = (
				C7E88FA01F14D71400CA4478 /* UserVC.swift in Sources */,
				C7E88FAD1F174B1B00CA4478 /* CustomImageView.swift in Sources */,
				E5BE607C1F176C2E00F44858 /* SWRevealViewController.m in Sources */,
				C7E88F961F148D5E00CA4478 /* RegisterVC.swift in Sources */,
				C7E88FBA1F174D1A00CA4478 /* News.swift in Sources */,
				E5BE607E1F17BD2C00F44858 /* SettingsVC.swift in Sources */,
				C7E88FBC1F174F6100CA4478 /* SelectedNewsVC.swift in Sources */,
				C7E88F9C1F14ABD400CA4478 /* CircleView.swift in Sources */,
				C7E88FAB1F174B1B00CA4478 /* CustomKolodaView.swift in Sources */,
				C7E88FA41F14D73000CA4478 /* SelectedCategoryVC.swift in Sources */,
				C7E88F981F148D8100CA4478 /* MainVC.swift in Sources */,
				C7E88F901F148CAB00CA4478 /* LoginVC.swift in Sources */,
				C7E88FAE1F174B1B00CA4478 /* BackgroundKolodaAnimator.swift in Sources */,
				E5BE60801F17BD8700F44858 /* SlideMenuVC.swift in Sources */,
				C79976091F25E2830030EEA5 /* UserProfile.swift in Sources */,
				C7E88FAC1F174B1B00CA4478 /* CustomOverlayView.swift in Sources */,
				C7E88F7C1F1488D600CA4478 /* AppDelegate.swift in Sources */,
				C7E88FC01F17C20800CA4478 /* SavedNewsCell.swift in Sources */,
				C7E88FA61F14D73A00CA4478 /* SavedNewsVC.swift in Sources */,
			);
			runOnlyForDeploymentPostprocessing = 0;
		};
/* End PBXSourcesBuildPhase section */

/* Begin PBXVariantGroup section */
		C7E88F7F1F1488D600CA4478 /* Main.storyboard */ = {
			isa = PBXVariantGroup;
			children = (
				C7E88F801F1488D600CA4478 /* Base */,
			);
			name = Main.storyboard;
			sourceTree = "<group>";
		};
		C7E88F841F1488D600CA4478 /* LaunchScreen.storyboard */ = {
			isa = PBXVariantGroup;
			children = (
				C7E88F851F1488D600CA4478 /* Base */,
			);
			name = LaunchScreen.storyboard;
			sourceTree = "<group>";
		};
/* End PBXVariantGroup section */

/* Begin XCBuildConfiguration section */
		C7E88F881F1488D600CA4478 /* Debug */ = {
			isa = XCBuildConfiguration;
			buildSettings = {
				ALWAYS_SEARCH_USER_PATHS = NO;
				CLANG_ANALYZER_NONNULL = YES;
				CLANG_ANALYZER_NUMBER_OBJECT_CONVERSION = YES_AGGRESSIVE;
				CLANG_CXX_LANGUAGE_STANDARD = "gnu++0x";
				CLANG_CXX_LIBRARY = "libc++";
				CLANG_ENABLE_MODULES = YES;
				CLANG_ENABLE_OBJC_ARC = YES;
				CLANG_WARN_BOOL_CONVERSION = YES;
				CLANG_WARN_CONSTANT_CONVERSION = YES;
				CLANG_WARN_DIRECT_OBJC_ISA_USAGE = YES_ERROR;
				CLANG_WARN_DOCUMENTATION_COMMENTS = YES;
				CLANG_WARN_EMPTY_BODY = YES;
				CLANG_WARN_ENUM_CONVERSION = YES;
				CLANG_WARN_INFINITE_RECURSION = YES;
				CLANG_WARN_INT_CONVERSION = YES;
				CLANG_WARN_OBJC_ROOT_CLASS = YES_ERROR;
				CLANG_WARN_SUSPICIOUS_MOVE = YES;
				CLANG_WARN_UNREACHABLE_CODE = YES;
				CLANG_WARN__DUPLICATE_METHOD_MATCH = YES;
				"CODE_SIGN_IDENTITY[sdk=iphoneos*]" = "iPhone Developer";
				COPY_PHASE_STRIP = NO;
				DEBUG_INFORMATION_FORMAT = dwarf;
				ENABLE_STRICT_OBJC_MSGSEND = YES;
				ENABLE_TESTABILITY = YES;
				GCC_C_LANGUAGE_STANDARD = gnu99;
				GCC_DYNAMIC_NO_PIC = NO;
				GCC_NO_COMMON_BLOCKS = YES;
				GCC_OPTIMIZATION_LEVEL = 0;
				GCC_PREPROCESSOR_DEFINITIONS = (
					"DEBUG=1",
					"$(inherited)",
				);
				GCC_WARN_64_TO_32_BIT_CONVERSION = YES;
				GCC_WARN_ABOUT_RETURN_TYPE = YES_ERROR;
				GCC_WARN_UNDECLARED_SELECTOR = YES;
				GCC_WARN_UNINITIALIZED_AUTOS = YES_AGGRESSIVE;
				GCC_WARN_UNUSED_FUNCTION = YES;
				GCC_WARN_UNUSED_VARIABLE = YES;
				IPHONEOS_DEPLOYMENT_TARGET = 10.3;
				MTL_ENABLE_DEBUG_INFO = YES;
				ONLY_ACTIVE_ARCH = YES;
				SDKROOT = iphoneos;
				SWIFT_ACTIVE_COMPILATION_CONDITIONS = DEBUG;
				SWIFT_OPTIMIZATION_LEVEL = "-Onone";
			};
			name = Debug;
		};
		C7E88F891F1488D600CA4478 /* Release */ = {
			isa = XCBuildConfiguration;
			buildSettings = {
				ALWAYS_SEARCH_USER_PATHS = NO;
				CLANG_ANALYZER_NONNULL = YES;
				CLANG_ANALYZER_NUMBER_OBJECT_CONVERSION = YES_AGGRESSIVE;
				CLANG_CXX_LANGUAGE_STANDARD = "gnu++0x";
				CLANG_CXX_LIBRARY = "libc++";
				CLANG_ENABLE_MODULES = YES;
				CLANG_ENABLE_OBJC_ARC = YES;
				CLANG_WARN_BOOL_CONVERSION = YES;
				CLANG_WARN_CONSTANT_CONVERSION = YES;
				CLANG_WARN_DIRECT_OBJC_ISA_USAGE = YES_ERROR;
				CLANG_WARN_DOCUMENTATION_COMMENTS = YES;
				CLANG_WARN_EMPTY_BODY = YES;
				CLANG_WARN_ENUM_CONVERSION = YES;
				CLANG_WARN_INFINITE_RECURSION = YES;
				CLANG_WARN_INT_CONVERSION = YES;
				CLANG_WARN_OBJC_ROOT_CLASS = YES_ERROR;
				CLANG_WARN_SUSPICIOUS_MOVE = YES;
				CLANG_WARN_UNREACHABLE_CODE = YES;
				CLANG_WARN__DUPLICATE_METHOD_MATCH = YES;
				"CODE_SIGN_IDENTITY[sdk=iphoneos*]" = "iPhone Developer";
				COPY_PHASE_STRIP = NO;
				DEBUG_INFORMATION_FORMAT = "dwarf-with-dsym";
				ENABLE_NS_ASSERTIONS = NO;
				ENABLE_STRICT_OBJC_MSGSEND = YES;
				GCC_C_LANGUAGE_STANDARD = gnu99;
				GCC_NO_COMMON_BLOCKS = YES;
				GCC_WARN_64_TO_32_BIT_CONVERSION = YES;
				GCC_WARN_ABOUT_RETURN_TYPE = YES_ERROR;
				GCC_WARN_UNDECLARED_SELECTOR = YES;
				GCC_WARN_UNINITIALIZED_AUTOS = YES_AGGRESSIVE;
				GCC_WARN_UNUSED_FUNCTION = YES;
				GCC_WARN_UNUSED_VARIABLE = YES;
				IPHONEOS_DEPLOYMENT_TARGET = 10.3;
				MTL_ENABLE_DEBUG_INFO = NO;
				SDKROOT = iphoneos;
				SWIFT_OPTIMIZATION_LEVEL = "-Owholemodule";
				VALIDATE_PRODUCT = YES;
			};
			name = Release;
		};
		C7E88F8B1F1488D600CA4478 /* Debug */ = {
			isa = XCBuildConfiguration;
			baseConfigurationReference = 50C5346AE312BCFAB2A9C868 /* Pods-Swipesion.debug.xcconfig */;
			buildSettings = {
				ASSETCATALOG_COMPILER_APPICON_NAME = AppIcon;
				CLANG_ENABLE_MODULES = YES;
				DEVELOPMENT_TEAM = DQCNUZZSN6;
				INFOPLIST_FILE = Swipesion/Info.plist;
				LD_RUNPATH_SEARCH_PATHS = "$(inherited) @executable_path/Frameworks";
				PRODUCT_BUNDLE_IDENTIFIER = com.andrewlim7.Swipesion;
				PRODUCT_NAME = "$(TARGET_NAME)";
				SWIFT_OBJC_BRIDGING_HEADER = "Swipesion/Swipesion-Bridging-Header.h";
				SWIFT_OPTIMIZATION_LEVEL = "-Onone";
				SWIFT_VERSION = 3.0;
			};
			name = Debug;
		};
		C7E88F8C1F1488D600CA4478 /* Release */ = {
			isa = XCBuildConfiguration;
			baseConfigurationReference = 66752F10B7A357F323489C4F /* Pods-Swipesion.release.xcconfig */;
			buildSettings = {
				ASSETCATALOG_COMPILER_APPICON_NAME = AppIcon;
				CLANG_ENABLE_MODULES = YES;
				DEVELOPMENT_TEAM = DQCNUZZSN6;
				INFOPLIST_FILE = Swipesion/Info.plist;
				LD_RUNPATH_SEARCH_PATHS = "$(inherited) @executable_path/Frameworks";
				PRODUCT_BUNDLE_IDENTIFIER = com.andrewlim7.Swipesion;
				PRODUCT_NAME = "$(TARGET_NAME)";
				SWIFT_OBJC_BRIDGING_HEADER = "Swipesion/Swipesion-Bridging-Header.h";
				SWIFT_VERSION = 3.0;
			};
			name = Release;
		};
/* End XCBuildConfiguration section */

/* Begin XCConfigurationList section */
		C7E88F731F1488D600CA4478 /* Build configuration list for PBXProject "Swipesion" */ = {
			isa = XCConfigurationList;
			buildConfigurations = (
				C7E88F881F1488D600CA4478 /* Debug */,
				C7E88F891F1488D600CA4478 /* Release */,
			);
			defaultConfigurationIsVisible = 0;
			defaultConfigurationName = Release;
		};
		C7E88F8A1F1488D600CA4478 /* Build configuration list for PBXNativeTarget "Swipesion" */ = {
			isa = XCConfigurationList;
			buildConfigurations = (
				C7E88F8B1F1488D600CA4478 /* Debug */,
				C7E88F8C1F1488D600CA4478 /* Release */,
			);
			defaultConfigurationIsVisible = 0;
			defaultConfigurationName = Release;
		};
/* End XCConfigurationList section */
	};
	rootObject = C7E88F701F1488D600CA4478 /* Project object */;
}
